// !$*UTF8*$!
{
	archiveVersion = 1;
	classes = {
	};
	objectVersion = 48;
	objects = {

/* Begin PBXBuildFile section */
		6002760F1F2FBEB500D597A4 /* AppDelegate.swift in Sources */ = {isa = PBXBuildFile; fileRef = 6002760E1F2FBEB500D597A4 /* AppDelegate.swift */; };
		600276111F2FBEB500D597A4 /* ViewController.swift in Sources */ = {isa = PBXBuildFile; fileRef = 600276101F2FBEB500D597A4 /* ViewController.swift */; };
		600276141F2FBEB500D597A4 /* Main.storyboard in Resources */ = {isa = PBXBuildFile; fileRef = 600276121F2FBEB500D597A4 /* Main.storyboard */; };
		600276161F2FBEB500D597A4 /* Assets.xcassets in Resources */ = {isa = PBXBuildFile; fileRef = 600276151F2FBEB500D597A4 /* Assets.xcassets */; };
		600276191F2FBEB500D597A4 /* LaunchScreen.storyboard in Resources */ = {isa = PBXBuildFile; fileRef = 600276171F2FBEB500D597A4 /* LaunchScreen.storyboard */; };
		600276241F2FBEB500D597A4 /* DestroyTheWorldTests.swift in Sources */ = {isa = PBXBuildFile; fileRef = 600276231F2FBEB500D597A4 /* DestroyTheWorldTests.swift */; };
		6002762F1F2FBEB500D597A4 /* DestroyTheWorldUITests.swift in Sources */ = {isa = PBXBuildFile; fileRef = 6002762E1F2FBEB500D597A4 /* DestroyTheWorldUITests.swift */; };
/* End PBXBuildFile section */

/* Begin PBXContainerItemProxy section */
		600276201F2FBEB500D597A4 /* PBXContainerItemProxy */ = {
			isa = PBXContainerItemProxy;
			containerPortal = 600276031F2FBEB500D597A4 /* Project object */;
			proxyType = 1;
			remoteGlobalIDString = 6002760A1F2FBEB500D597A4;
			remoteInfo = DestroyTheWorld;
		};
		6002762B1F2FBEB500D597A4 /* PBXContainerItemProxy */ = {
			isa = PBXContainerItemProxy;
			containerPortal = 600276031F2FBEB500D597A4 /* Project object */;
			proxyType = 1;
			remoteGlobalIDString = 6002760A1F2FBEB500D597A4;
			remoteInfo = DestroyTheWorld;
		};
/* End PBXContainerItemProxy section */

/* Begin PBXFileReference section */
		6002760B1F2FBEB500D597A4 /* DestroyTheWorld.app */ = {isa = PBXFileReference; explicitFileType = wrapper.application; includeInIndex = 0; path = DestroyTheWorld.app; sourceTree = BUILT_PRODUCTS_DIR; };
		6002760E1F2FBEB500D597A4 /* AppDelegate.swift */ = {isa = PBXFileReference; lastKnownFileType = sourcecode.swift; path = AppDelegate.swift; sourceTree = "<group>"; };
		600276101F2FBEB500D597A4 /* ViewController.swift */ = {isa = PBXFileReference; lastKnownFileType = sourcecode.swift; path = ViewController.swift; sourceTree = "<group>"; };
		600276131F2FBEB500D597A4 /* Base */ = {isa = PBXFileReference; lastKnownFileType = file.storyboard; name = Base; path = Base.lproj/Main.storyboard; sourceTree = "<group>"; };
		600276151F2FBEB500D597A4 /* Assets.xcassets */ = {isa = PBXFileReference; lastKnownFileType = folder.assetcatalog; path = Assets.xcassets; sourceTree = "<group>"; };
		600276181F2FBEB500D597A4 /* Base */ = {isa = PBXFileReference; lastKnownFileType = file.storyboard; name = Base; path = Base.lproj/LaunchScreen.storyboard; sourceTree = "<group>"; };
		6002761A1F2FBEB500D597A4 /* Info.plist */ = {isa = PBXFileReference; lastKnownFileType = text.plist.xml; path = Info.plist; sourceTree = "<group>"; };
		6002761F1F2FBEB500D597A4 /* DestroyTheWorldTests.xctest */ = {isa = PBXFileReference; explicitFileType = wrapper.cfbundle; includeInIndex = 0; path = DestroyTheWorldTests.xctest; sourceTree = BUILT_PRODUCTS_DIR; };
		600276231F2FBEB500D597A4 /* DestroyTheWorldTests.swift */ = {isa = PBXFileReference; lastKnownFileType = sourcecode.swift; path = DestroyTheWorldTests.swift; sourceTree = "<group>"; };
		600276251F2FBEB500D597A4 /* Info.plist */ = {isa = PBXFileReference; lastKnownFileType = text.plist.xml; path = Info.plist; sourceTree = "<group>"; };
		6002762A1F2FBEB500D597A4 /* DestroyTheWorldUITests.xctest */ = {isa = PBXFileReference; explicitFileType = wrapper.cfbundle; includeInIndex = 0; path = DestroyTheWorldUITests.xctest; sourceTree = BUILT_PRODUCTS_DIR; };
		6002762E1F2FBEB500D597A4 /* DestroyTheWorldUITests.swift */ = {isa = PBXFileReference; lastKnownFileType = sourcecode.swift; path = DestroyTheWorldUITests.swift; sourceTree = "<group>"; };
		600276301F2FBEB500D597A4 /* Info.plist */ = {isa = PBXFileReference; lastKnownFileType = text.plist.xml; path = Info.plist; sourceTree = "<group>"; };
/* End PBXFileReference section */

/* Begin PBXFrameworksBuildPhase section */
		600276081F2FBEB500D597A4 /* Frameworks */ = {
			isa = PBXFrameworksBuildPhase;
			buildActionMask = 2147483647;
			files = (
			);
			runOnlyForDeploymentPostprocessing = 0;
		};
		6002761C1F2FBEB500D597A4 /* Frameworks */ = {
			isa = PBXFrameworksBuildPhase;
			buildActionMask = 2147483647;
			files = (
			);
			runOnlyForDeploymentPostprocessing = 0;
		};
		600276271F2FBEB500D597A4 /* Frameworks */ = {
			isa = PBXFrameworksBuildPhase;
			buildActionMask = 2147483647;
			files = (
			);
			runOnlyForDeploymentPostprocessing = 0;
		};
/* End PBXFrameworksBuildPhase section */

/* Begin PBXGroup section */
		600276021F2FBEB500D597A4 = {
			isa = PBXGroup;
			children = (
				6002760D1F2FBEB500D597A4 /* DestroyTheWorld */,
				600276221F2FBEB500D597A4 /* DestroyTheWorldTests */,
				6002762D1F2FBEB500D597A4 /* DestroyTheWorldUITests */,
				6002760C1F2FBEB500D597A4 /* Products */,
			);
			sourceTree = "<group>";
		};
		6002760C1F2FBEB500D597A4 /* Products */ = {
			isa = PBXGroup;
			children = (
				6002760B1F2FBEB500D597A4 /* DestroyTheWorld.app */,
				6002761F1F2FBEB500D597A4 /* DestroyTheWorldTests.xctest */,
				6002762A1F2FBEB500D597A4 /* DestroyTheWorldUITests.xctest */,
			);
			name = Products;
			sourceTree = "<group>";
		};
		6002760D1F2FBEB500D597A4 /* DestroyTheWorld */ = {
			isa = PBXGroup;
			children = (
				6002760E1F2FBEB500D597A4 /* AppDelegate.swift */,
				600276101F2FBEB500D597A4 /* ViewController.swift */,
				600276121F2FBEB500D597A4 /* Main.storyboard */,
				600276151F2FBEB500D597A4 /* Assets.xcassets */,
				600276171F2FBEB500D597A4 /* LaunchScreen.storyboard */,
				6002761A1F2FBEB500D597A4 /* Info.plist */,
			);
			path = DestroyTheWorld;
			sourceTree = "<group>";
		};
		600276221F2FBEB500D597A4 /* DestroyTheWorldTests */ = {
			isa = PBXGroup;
			children = (
				600276231F2FBEB500D597A4 /* DestroyTheWorldTests.swift */,
				600276251F2FBEB500D597A4 /* Info.plist */,
			);
			path = DestroyTheWorldTests;
			sourceTree = "<group>";
		};
		6002762D1F2FBEB500D597A4 /* DestroyTheWorldUITests */ = {
			isa = PBXGroup;
			children = (
				6002762E1F2FBEB500D597A4 /* DestroyTheWorldUITests.swift */,
				600276301F2FBEB500D597A4 /* Info.plist */,
			);
			path = DestroyTheWorldUITests;
			sourceTree = "<group>";
		};
/* End PBXGroup section */

/* Begin PBXNativeTarget section */
		6002760A1F2FBEB500D597A4 /* DestroyTheWorld */ = {
			isa = PBXNativeTarget;
			buildConfigurationList = 600276331F2FBEB500D597A4 /* Build configuration list for PBXNativeTarget "DestroyTheWorld" */;
			buildPhases = (
				600276071F2FBEB500D597A4 /* Sources */,
				600276081F2FBEB500D597A4 /* Frameworks */,
				600276091F2FBEB500D597A4 /* Resources */,
			);
			buildRules = (
			);
			dependencies = (
			);
			name = DestroyTheWorld;
			productName = DestroyTheWorld;
			productReference = 6002760B1F2FBEB500D597A4 /* DestroyTheWorld.app */;
			productType = "com.apple.product-type.application";
		};
		6002761E1F2FBEB500D597A4 /* DestroyTheWorldTests */ = {
			isa = PBXNativeTarget;
			buildConfigurationList = 600276361F2FBEB500D597A4 /* Build configuration list for PBXNativeTarget "DestroyTheWorldTests" */;
			buildPhases = (
				6002761B1F2FBEB500D597A4 /* Sources */,
				6002761C1F2FBEB500D597A4 /* Frameworks */,
				6002761D1F2FBEB500D597A4 /* Resources */,
			);
			buildRules = (
			);
			dependencies = (
				600276211F2FBEB500D597A4 /* PBXTargetDependency */,
			);
			name = DestroyTheWorldTests;
			productName = DestroyTheWorldTests;
			productReference = 6002761F1F2FBEB500D597A4 /* DestroyTheWorldTests.xctest */;
			productType = "com.apple.product-type.bundle.unit-test";
		};
		600276291F2FBEB500D597A4 /* DestroyTheWorldUITests */ = {
			isa = PBXNativeTarget;
			buildConfigurationList = 600276391F2FBEB500D597A4 /* Build configuration list for PBXNativeTarget "DestroyTheWorldUITests" */;
			buildPhases = (
				600276261F2FBEB500D597A4 /* Sources */,
				600276271F2FBEB500D597A4 /* Frameworks */,
				600276281F2FBEB500D597A4 /* Resources */,
			);
			buildRules = (
			);
			dependencies = (
				6002762C1F2FBEB500D597A4 /* PBXTargetDependency */,
			);
			name = DestroyTheWorldUITests;
			productName = DestroyTheWorldUITests;
			productReference = 6002762A1F2FBEB500D597A4 /* DestroyTheWorldUITests.xctest */;
			productType = "com.apple.product-type.bundle.ui-testing";
		};
/* End PBXNativeTarget section */

/* Begin PBXProject section */
		600276031F2FBEB500D597A4 /* Project object */ = {
			isa = PBXProject;
			attributes = {
				LastSwiftUpdateCheck = 0900;
				LastUpgradeCheck = 0900;
				ORGANIZATIONNAME = AD;
				TargetAttributes = {
					6002760A1F2FBEB500D597A4 = {
						CreatedOnToolsVersion = 9.0;
					};
					6002761E1F2FBEB500D597A4 = {
						CreatedOnToolsVersion = 9.0;
						TestTargetID = 6002760A1F2FBEB500D597A4;
					};
					600276291F2FBEB500D597A4 = {
						CreatedOnToolsVersion = 9.0;
						TestTargetID = 6002760A1F2FBEB500D597A4;
					};
				};
			};
			buildConfigurationList = 600276061F2FBEB500D597A4 /* Build configuration list for PBXProject "DestroyTheWorld" */;
			compatibilityVersion = "Xcode 8.0";
			developmentRegion = en;
			hasScannedForEncodings = 0;
			knownRegions = (
				en,
				Base,
			);
			mainGroup = 600276021F2FBEB500D597A4;
			productRefGroup = 6002760C1F2FBEB500D597A4 /* Products */;
			projectDirPath = "";
			projectRoot = "";
			targets = (
				6002760A1F2FBEB500D597A4 /* DestroyTheWorld */,
				6002761E1F2FBEB500D597A4 /* DestroyTheWorldTests */,
				600276291F2FBEB500D597A4 /* DestroyTheWorldUITests */,
			);
		};
/* End PBXProject section */

/* Begin PBXResourcesBuildPhase section */
		600276091F2FBEB500D597A4 /* Resources */ = {
			isa = PBXResourcesBuildPhase;
			buildActionMask = 2147483647;
			files = (
				600276191F2FBEB500D597A4 /* LaunchScreen.storyboard in Resources */,
				600276161F2FBEB500D597A4 /* Assets.xcassets in Resources */,
				600276141F2FBEB500D597A4 /* Main.storyboard in Resources */,
			);
			runOnlyForDeploymentPostprocessing = 0;
		};
		6002761D1F2FBEB500D597A4 /* Resources */ = {
			isa = PBXResourcesBuildPhase;
			buildActionMask = 2147483647;
			files = (
			);
			runOnlyForDeploymentPostprocessing = 0;
		};
		600276281F2FBEB500D597A4 /* Resources */ = {
			isa = PBXResourcesBuildPhase;
			buildActionMask = 2147483647;
			files = (
			);
			runOnlyForDeploymentPostprocessing = 0;
		};
/* End PBXResourcesBuildPhase section */

/* Begin PBXSourcesBuildPhase section */
		600276071F2FBEB500D597A4 /* Sources */ = {
			isa = PBXSourcesBuildPhase;
			buildActionMask = 2147483647;
			files = (
				600276111F2FBEB500D597A4 /* ViewController.swift in Sources */,
				6002760F1F2FBEB500D597A4 /* AppDelegate.swift in Sources */,
			);
			runOnlyForDeploymentPostprocessing = 0;
		};
		6002761B1F2FBEB500D597A4 /* Sources */ = {
			isa = PBXSourcesBuildPhase;
			buildActionMask = 2147483647;
			files = (
				600276241F2FBEB500D597A4 /* DestroyTheWorldTests.swift in Sources */,
			);
			runOnlyForDeploymentPostprocessing = 0;
		};
		600276261F2FBEB500D597A4 /* Sources */ = {
			isa = PBXSourcesBuildPhase;
			buildActionMask = 2147483647;
			files = (
				6002762F1F2FBEB500D597A4 /* DestroyTheWorldUITests.swift in Sources */,
			);
			runOnlyForDeploymentPostprocessing = 0;
		};
/* End PBXSourcesBuildPhase section */

/* Begin PBXTargetDependency section */
		600276211F2FBEB500D597A4 /* PBXTargetDependency */ = {
			isa = PBXTargetDependency;
			target = 6002760A1F2FBEB500D597A4 /* DestroyTheWorld */;
			targetProxy = 600276201F2FBEB500D597A4 /* PBXContainerItemProxy */;
		};
		6002762C1F2FBEB500D597A4 /* PBXTargetDependency */ = {
			isa = PBXTargetDependency;
			target = 6002760A1F2FBEB500D597A4 /* DestroyTheWorld */;
			targetProxy = 6002762B1F2FBEB500D597A4 /* PBXContainerItemProxy */;
		};
/* End PBXTargetDependency section */

/* Begin PBXVariantGroup section */
		600276121F2FBEB500D597A4 /* Main.storyboard */ = {
			isa = PBXVariantGroup;
			children = (
				600276131F2FBEB500D597A4 /* Base */,
			);
			name = Main.storyboard;
			sourceTree = "<group>";
		};
		600276171F2FBEB500D597A4 /* LaunchScreen.storyboard */ = {
			isa = PBXVariantGroup;
			children = (
				600276181F2FBEB500D597A4 /* Base */,
			);
			name = LaunchScreen.storyboard;
			sourceTree = "<group>";
		};
/* End PBXVariantGroup section */

/* Begin XCBuildConfiguration section */
		600276311F2FBEB500D597A4 /* Debug */ = {
			isa = XCBuildConfiguration;
			buildSettings = {
				ALWAYS_SEARCH_USER_PATHS = NO;
				CLANG_ANALYZER_NONNULL = YES;
				CLANG_ANALYZER_NUMBER_OBJECT_CONVERSION = YES_AGGRESSIVE;
				CLANG_CXX_LANGUAGE_STANDARD = "gnu++14";
				CLANG_CXX_LIBRARY = "libc++";
				CLANG_ENABLE_MODULES = YES;
				CLANG_ENABLE_OBJC_ARC = YES;
				CLANG_WARN_BLOCK_CAPTURE_AUTORELEASING = YES;
				CLANG_WARN_BOOL_CONVERSION = YES;
				CLANG_WARN_COMMA = YES;
				CLANG_WARN_CONSTANT_CONVERSION = YES;
				CLANG_WARN_DIRECT_OBJC_ISA_USAGE = YES_ERROR;
				CLANG_WARN_DOCUMENTATION_COMMENTS = YES;
				CLANG_WARN_EMPTY_BODY = YES;
				CLANG_WARN_ENUM_CONVERSION = YES;
				CLANG_WARN_INFINITE_RECURSION = YES;
				CLANG_WARN_INT_CONVERSION = YES;
				CLANG_WARN_OBJC_ROOT_CLASS = YES_ERROR;
				CLANG_WARN_RANGE_LOOP_ANALYSIS = YES;
				CLANG_WARN_STRICT_PROTOTYPES = YES;
				CLANG_WARN_SUSPICIOUS_MOVE = YES;
				CLANG_WARN_UNGUARDED_AVAILABILITY = YES_AGGRESSIVE;
				CLANG_WARN_UNREACHABLE_CODE = YES;
				CLANG_WARN__DUPLICATE_METHOD_MATCH = YES;
				CODE_SIGN_IDENTITY = "iPhone Developer";
				COPY_PHASE_STRIP = NO;
				DEBUG_INFORMATION_FORMAT = dwarf;
				ENABLE_STRICT_OBJC_MSGSEND = YES;
				ENABLE_TESTABILITY = YES;
				GCC_C_LANGUAGE_STANDARD = gnu11;
				GCC_DYNAMIC_NO_PIC = NO;
				GCC_NO_COMMON_BLOCKS = YES;
				GCC_OPTIMIZATION_LEVEL = 0;
				GCC_PREPROCESSOR_DEFINITIONS = (
					"DEBUG=1",
					"$(inherited)",
				);
				GCC_WARN_64_TO_32_BIT_CONVERSION = YES;
				GCC_WARN_ABOUT_RETURN_TYPE = YES_ERROR;
				GCC_WARN_UNDECLARED_SELECTOR = YES;
				GCC_WARN_UNINITIALIZED_AUTOS = YES_AGGRESSIVE;
				GCC_WARN_UNUSED_FUNCTION = YES;
				GCC_WARN_UNUSED_VARIABLE = YES;
				IPHONEOS_DEPLOYMENT_TARGET = 11.0;
				MTL_ENABLE_DEBUG_INFO = YES;
				ONLY_ACTIVE_ARCH = YES;
				SDKROOT = iphoneos;
				SWIFT_ACTIVE_COMPILATION_CONDITIONS = DEBUG;
				SWIFT_OPTIMIZATION_LEVEL = "-Onone";
			};
			name = Debug;
		};
		600276321F2FBEB500D597A4 /* Release */ = {
			isa = XCBuildConfiguration;
			buildSettings = {
				ALWAYS_SEARCH_USER_PATHS = NO;
				CLANG_ANALYZER_NONNULL = YES;
				CLANG_ANALYZER_NUMBER_OBJECT_CONVERSION = YES_AGGRESSIVE;
				CLANG_CXX_LANGUAGE_STANDARD = "gnu++14";
				CLANG_CXX_LIBRARY = "libc++";
				CLANG_ENABLE_MODULES = YES;
				CLANG_ENABLE_OBJC_ARC = YES;
				CLANG_WARN_BLOCK_CAPTURE_AUTORELEASING = YES;
				CLANG_WARN_BOOL_CONVERSION = YES;
				CLANG_WARN_COMMA = YES;
				CLANG_WARN_CONSTANT_CONVERSION = YES;
				CLANG_WARN_DIRECT_OBJC_ISA_USAGE = YES_ERROR;
				CLANG_WARN_DOCUMENTATION_COMMENTS = YES;
				CLANG_WARN_EMPTY_BODY = YES;
				CLANG_WARN_ENUM_CONVERSION = YES;
				CLANG_WARN_INFINITE_RECURSION = YES;
				CLANG_WARN_INT_CONVERSION = YES;
				CLANG_WARN_OBJC_ROOT_CLASS = YES_ERROR;
				CLANG_WARN_RANGE_LOOP_ANALYSIS = YES;
				CLANG_WARN_STRICT_PROTOTYPES = YES;
				CLANG_WARN_SUSPICIOUS_MOVE = YES;
				CLANG_WARN_UNGUARDED_AVAILABILITY = YES_AGGRESSIVE;
				CLANG_WARN_UNREACHABLE_CODE = YES;
				CLANG_WARN__DUPLICATE_METHOD_MATCH = YES;
				CODE_SIGN_IDENTITY = "iPhone Developer";
				COPY_PHASE_STRIP = NO;
				DEBUG_INFORMATION_FORMAT = "dwarf-with-dsym";
				ENABLE_NS_ASSERTIONS = NO;
				ENABLE_STRICT_OBJC_MSGSEND = YES;
				GCC_C_LANGUAGE_STANDARD = gnu11;
				GCC_NO_COMMON_BLOCKS = YES;
				GCC_WARN_64_TO_32_BIT_CONVERSION = YES;
				GCC_WARN_ABOUT_RETURN_TYPE = YES_ERROR;
				GCC_WARN_UNDECLARED_SELECTOR = YES;
				GCC_WARN_UNINITIALIZED_AUTOS = YES_AGGRESSIVE;
				GCC_WARN_UNUSED_FUNCTION = YES;
				GCC_WARN_UNUSED_VARIABLE = YES;
				IPHONEOS_DEPLOYMENT_TARGET = 11.0;
				MTL_ENABLE_DEBUG_INFO = NO;
				SDKROOT = iphoneos;
				SWIFT_OPTIMIZATION_LEVEL = "-Owholemodule";
				VALIDATE_PRODUCT = YES;
			};
			name = Release;
		};
		600276341F2FBEB500D597A4 /* Debug */ = {
			isa = XCBuildConfiguration;
			buildSettings = {
				ASSETCATALOG_COMPILER_APPICON_NAME = AppIcon;
				DEVELOPMENT_TEAM = B59299NGGP;
				INFOPLIST_FILE = DestroyTheWorld/Info.plist;
				LD_RUNPATH_SEARCH_PATHS = "$(inherited) @executable_path/Frameworks";
				PRODUCT_BUNDLE_IDENTIFIER = company.DestroyTheWorld;
				PRODUCT_NAME = "$(TARGET_NAME)";
				SWIFT_VERSION = 4.0;
				TARGETED_DEVICE_FAMILY = "1,2";
			};
			name = Debug;
		};
		600276351F2FBEB500D597A4 /* Release */ = {
			isa = XCBuildConfiguration;
			buildSettings = {
				ASSETCATALOG_COMPILER_APPICON_NAME = AppIcon;
				DEVELOPMENT_TEAM = B59299NGGP;
				INFOPLIST_FILE = DestroyTheWorld/Info.plist;
				LD_RUNPATH_SEARCH_PATHS = "$(inherited) @executable_path/Frameworks";
				PRODUCT_BUNDLE_IDENTIFIER = company.DestroyTheWorld;
				PRODUCT_NAME = "$(TARGET_NAME)";
				SWIFT_VERSION = 4.0;
				TARGETED_DEVICE_FAMILY = "1,2";
			};
			name = Release;
		};
		600276371F2FBEB500D597A4 /* Debug */ = {
			isa = XCBuildConfiguration;
			buildSettings = {
				ALWAYS_EMBED_SWIFT_STANDARD_LIBRARIES = YES;
				BUNDLE_LOADER = "$(TEST_HOST)";
				DEVELOPMENT_TEAM = B59299NGGP;
				INFOPLIST_FILE = DestroyTheWorldTests/Info.plist;
				LD_RUNPATH_SEARCH_PATHS = "$(inherited) @executable_path/Frameworks @loader_path/Frameworks";
				PRODUCT_BUNDLE_IDENTIFIER = company.DestroyTheWorldTests;
				PRODUCT_NAME = "$(TARGET_NAME)";
				SWIFT_VERSION = 4.0;
				TARGETED_DEVICE_FAMILY = "1,2";
				TEST_HOST = "$(BUILT_PRODUCTS_DIR)/DestroyTheWorld.app/DestroyTheWorld";
			};
			name = Debug;
		};
		600276381F2FBEB500D597A4 /* Release */ = {
			isa = XCBuildConfiguration;
			buildSettings = {
				ALWAYS_EMBED_SWIFT_STANDARD_LIBRARIES = YES;
				BUNDLE_LOADER = "$(TEST_HOST)";
				DEVELOPMENT_TEAM = B59299NGGP;
				INFOPLIST_FILE = DestroyTheWorldTests/Info.plist;
				LD_RUNPATH_SEARCH_PATHS = "$(inherited) @executable_path/Frameworks @loader_path/Frameworks";
				PRODUCT_BUNDLE_IDENTIFIER = company.DestroyTheWorldTests;
				PRODUCT_NAME = "$(TARGET_NAME)";
				SWIFT_VERSION = 4.0;
				TARGETED_DEVICE_FAMILY = "1,2";
				TEST_HOST = "$(BUILT_PRODUCTS_DIR)/DestroyTheWorld.app/DestroyTheWorld";
			};
			name = Release;
		};
		6002763A1F2FBEB500D597A4 /* Debug */ = {
			isa = XCBuildConfiguration;
			buildSettings = {
				ALWAYS_EMBED_SWIFT_STANDARD_LIBRARIES = YES;
				DEVELOPMENT_TEAM = B59299NGGP;
				INFOPLIST_FILE = DestroyTheWorldUITests/Info.plist;
				LD_RUNPATH_SEARCH_PATHS = "$(inherited) @executable_path/Frameworks @loader_path/Frameworks";
				PRODUCT_BUNDLE_IDENTIFIER = company.DestroyTheWorldUITests;
				PRODUCT_NAME = "$(TARGET_NAME)";
				SWIFT_VERSION = 4.0;
				TARGETED_DEVICE_FAMILY = "1,2";
				TEST_TARGET_NAME = DestroyTheWorld;
			};
			name = Debug;
		};
		6002763B1F2FBEB500D597A4 /* Release */ = {
			isa = XCBuildConfiguration;
			buildSettings = {
				ALWAYS_EMBED_SWIFT_STANDARD_LIBRARIES = YES;
				DEVELOPMENT_TEAM = B59299NGGP;
				INFOPLIST_FILE = DestroyTheWorldUITests/Info.plist;
				LD_RUNPATH_SEARCH_PATHS = "$(inherited) @executable_path/Frameworks @loader_path/Frameworks";
				PRODUCT_BUNDLE_IDENTIFIER = company.DestroyTheWorldUITests;
				PRODUCT_NAME = "$(TARGET_NAME)";
				SWIFT_VERSION = 4.0;
				TARGETED_DEVICE_FAMILY = "1,2";
				TEST_TARGET_NAME = DestroyTheWorld;
			};
			name = Release;
		};
/* End XCBuildConfiguration section */

/* Begin XCConfigurationList section */
		600276061F2FBEB500D597A4 /* Build configuration list for PBXProject "DestroyTheWorld" */ = {
			isa = XCConfigurationList;
			buildConfigurations = (
				600276311F2FBEB500D597A4 /* Debug */,
				600276321F2FBEB500D597A4 /* Release */,
			);
			defaultConfigurationIsVisible = 0;
			defaultConfigurationName = Release;
		};
		600276331F2FBEB500D597A4 /* Build configuration list for PBXNativeTarget "DestroyTheWorld" */ = {
			isa = XCConfigurationList;
			buildConfigurations = (
				600276341F2FBEB500D597A4 /* Debug */,
				600276351F2FBEB500D597A4 /* Release */,
			);
			defaultConfigurationIsVisible = 0;
		};
		600276361F2FBEB500D597A4 /* Build configuration list for PBXNativeTarget "DestroyTheWorldTests" */ = {
			isa = XCConfigurationList;
			buildConfigurations = (
				600276371F2FBEB500D597A4 /* Debug */,
				600276381F2FBEB500D597A4 /* Release */,
			);
			defaultConfigurationIsVisible = 0;
		};
		600276391F2FBEB500D597A4 /* Build configuration list for PBXNativeTarget "DestroyTheWorldUITests" */ = {
			isa = XCConfigurationList;
			buildConfigurations = (
				6002763A1F2FBEB500D597A4 /* Debug */,
				6002763B1F2FBEB500D597A4 /* Release */,
			);
			defaultConfigurationIsVisible = 0;
		};
/* End XCConfigurationList section */
	};
	rootObject = 600276031F2FBEB500D597A4 /* Project object */;
}
